# This file is automatically @generated by Cargo.
# It is not intended for manual editing.
version = 4

[[package]]
name = "use-business-day"
version = "0.0.1"
dependencies = [
 "use-date",
 "use-weekday",
]

[[package]]
name = "use-calendar"
version = "0.0.1"
dependencies = [
 "use-business-day",
 "use-date",
 "use-date-range",
 "use-month",
 "use-quarter",
 "use-recurrence",
 "use-weekday",
 "use-year",
]

[[package]]
name = "use-date"
version = "0.0.1"

[[package]]
name = "use-date-range"
version = "0.0.1"
dependencies = [
 "use-date",
]

[[package]]
name = "use-month"
version = "0.0.1"

[[package]]
name = "use-quarter"
version = "0.0.1"
dependencies = [
 "use-date",
]

[[package]]
name = "use-recurrence"
version = "0.0.1"
dependencies = [
 "use-date",
 "use-month",
]

[[package]]
name = "use-weekday"
version = "0.0.1"
dependencies = [
 "use-date",
]

[[package]]
name = "use-year"
version = "0.0.1"
dependencies = [
 "use-date",
]
